
Microsoft Visual Studio Solution File, Format Version 12.00
# Visual Studio Version 16
VisualStudioVersion = 16.0.31624.102
MinimumVisualStudioVersion = 10.0.40219.1
Project("{2150E333-8FDC-42A3-9474-1A3956D46DE8}") = "Services", "Services", "{605A7367-7CEF-48AF-8764-170D1D51DA6A}"
EndProject
Project("{2150E333-8FDC-42A3-9474-1A3956D46DE8}") = "WebApps", "WebApps", "{B7F73D64-ED26-4D62-B015-7F2B181627FE}"
EndProject
Project("{2150E333-8FDC-42A3-9474-1A3956D46DE8}") = "Cadastros", "Cadastros", "{6E7DC059-BF21-4623-97B3-8901DB6FBFCB}"
EndProject
Project("{2150E333-8FDC-42A3-9474-1A3956D46DE8}") = "Catalogo", "Catalogo", "{D2D9B362-114A-4DF5-BFC7-3A771054A9B4}"
EndProject
Project("{2150E333-8FDC-42A3-9474-1A3956D46DE8}") = "Core", "Core", "{CA2CDF6C-C4D3-4E37-86C4-B8A4E9D61201}"
EndProject
Project("{2150E333-8FDC-42A3-9474-1A3956D46DE8}") = "Fiscal", "Fiscal", "{A07FA616-DD95-42AD-9D06-72102A543BE5}"
EndProject
Project("{2150E333-8FDC-42A3-9474-1A3956D46DE8}") = "Pagamentos", "Pagamentos", "{A35CD040-2045-45AD-8F7A-D976B7ADED04}"
EndProject
Project("{2150E333-8FDC-42A3-9474-1A3956D46DE8}") = "Vendas", "Vendas", "{99FF935D-6FB4-49DC-B50E-AA46CC8B336B}"
EndProject
Global
	GlobalSection(SolutionProperties) = preSolution
		HideSolutionNode = FALSE
	EndGlobalSection
	GlobalSection(NestedProjects) = preSolution
		{6E7DC059-BF21-4623-97B3-8901DB6FBFCB} = {605A7367-7CEF-48AF-8764-170D1D51DA6A}
		{D2D9B362-114A-4DF5-BFC7-3A771054A9B4} = {605A7367-7CEF-48AF-8764-170D1D51DA6A}
		{CA2CDF6C-C4D3-4E37-86C4-B8A4E9D61201} = {605A7367-7CEF-48AF-8764-170D1D51DA6A}
		{A07FA616-DD95-42AD-9D06-72102A543BE5} = {605A7367-7CEF-48AF-8764-170D1D51DA6A}
		{A35CD040-2045-45AD-8F7A-D976B7ADED04} = {605A7367-7CEF-48AF-8764-170D1D51DA6A}
		{99FF935D-6FB4-49DC-B50E-AA46CC8B336B} = {605A7367-7CEF-48AF-8764-170D1D51DA6A}
	EndGlobalSection
	GlobalSection(ExtensibilityGlobals) = postSolution
		SolutionGuid = {44E0B288-6D3A-460B-BC59-089F608F9564}
	EndGlobalSection
EndGlobal
